// !$*UTF8*$!
{
	archiveVersion = 1;
	classes = {
	};
	objectVersion = 50;
	objects = {

/* Begin PBXBuildFile section */
		1D0BA7E323D890F400E0436B /* AppDelegate.swift in Sources */ = {isa = PBXBuildFile; fileRef = 1D0BA7E223D890F400E0436B /* AppDelegate.swift */; };
		1D0BA7E523D890F400E0436B /* SceneDelegate.swift in Sources */ = {isa = PBXBuildFile; fileRef = 1D0BA7E423D890F400E0436B /* SceneDelegate.swift */; };
		1D0BA7EC23D890F400E0436B /* Main.storyboard in Resources */ = {isa = PBXBuildFile; fileRef = 1D0BA7EA23D890F400E0436B /* Main.storyboard */; };
		1D0BA7EE23D890F800E0436B /* Assets.xcassets in Resources */ = {isa = PBXBuildFile; fileRef = 1D0BA7ED23D890F800E0436B /* Assets.xcassets */; };
		1D0BA7F123D890F800E0436B /* LaunchScreen.storyboard in Resources */ = {isa = PBXBuildFile; fileRef = 1D0BA7EF23D890F800E0436B /* LaunchScreen.storyboard */; };
		1D0BA7F923D893E700E0436B /* HomeVC.swift in Sources */ = {isa = PBXBuildFile; fileRef = 1D0BA7F823D893E700E0436B /* HomeVC.swift */; };
		1D0BA7FB23D8941300E0436B /* SearchVC.swift in Sources */ = {isa = PBXBuildFile; fileRef = 1D0BA7FA23D8941300E0436B /* SearchVC.swift */; };
		1D0BA7FD23D8943300E0436B /* LiveVC.swift in Sources */ = {isa = PBXBuildFile; fileRef = 1D0BA7FC23D8943300E0436B /* LiveVC.swift */; };
		1D0BA7FF23D8946200E0436B /* NotificationVC.swift in Sources */ = {isa = PBXBuildFile; fileRef = 1D0BA7FE23D8946200E0436B /* NotificationVC.swift */; };
		1D0BA80123D8947F00E0436B /* ProfileVC.swift in Sources */ = {isa = PBXBuildFile; fileRef = 1D0BA80023D8947F00E0436B /* ProfileVC.swift */; };
		1D0BA80423D89CD100E0436B /* MemeCell.swift in Sources */ = {isa = PBXBuildFile; fileRef = 1D0BA80323D89CD100E0436B /* MemeCell.swift */; };
		1D0BA80723D89F0500E0436B /* Meme.swift in Sources */ = {isa = PBXBuildFile; fileRef = 1D0BA80623D89F0500E0436B /* Meme.swift */; };
		1D0BA80A23D8A0B700E0436B /* UIImageView+Extensions.swift in Sources */ = {isa = PBXBuildFile; fileRef = 1D0BA80923D8A0B700E0436B /* UIImageView+Extensions.swift */; };
		1D0BA81123D8B7CC00E0436B /* CustomLayoutDelegate.swift in Sources */ = {isa = PBXBuildFile; fileRef = 1D0BA81023D8B7CC00E0436B /* CustomLayoutDelegate.swift */; };
/* End PBXBuildFile section */

/* Begin PBXFileReference section */
		1D0BA7DF23D890F300E0436B /* Memeful.app */ = {isa = PBXFileReference; explicitFileType = wrapper.application; includeInIndex = 0; path = Memeful.app; sourceTree = BUILT_PRODUCTS_DIR; };
		1D0BA7E223D890F400E0436B /* AppDelegate.swift */ = {isa = PBXFileReference; lastKnownFileType = sourcecode.swift; path = AppDelegate.swift; sourceTree = "<group>"; };
		1D0BA7E423D890F400E0436B /* SceneDelegate.swift */ = {isa = PBXFileReference; lastKnownFileType = sourcecode.swift; path = SceneDelegate.swift; sourceTree = "<group>"; };
		1D0BA7EB23D890F400E0436B /* Base */ = {isa = PBXFileReference; lastKnownFileType = file.storyboard; name = Base; path = Base.lproj/Main.storyboard; sourceTree = "<group>"; };
		1D0BA7ED23D890F800E0436B /* Assets.xcassets */ = {isa = PBXFileReference; lastKnownFileType = folder.assetcatalog; path = Assets.xcassets; sourceTree = "<group>"; };
		1D0BA7F023D890F800E0436B /* Base */ = {isa = PBXFileReference; lastKnownFileType = file.storyboard; name = Base; path = Base.lproj/LaunchScreen.storyboard; sourceTree = "<group>"; };
		1D0BA7F223D890F800E0436B /* Info.plist */ = {isa = PBXFileReference; lastKnownFileType = text.plist.xml; path = Info.plist; sourceTree = "<group>"; };
		1D0BA7F823D893E700E0436B /* HomeVC.swift */ = {isa = PBXFileReference; lastKnownFileType = sourcecode.swift; path = HomeVC.swift; sourceTree = "<group>"; };
		1D0BA7FA23D8941300E0436B /* SearchVC.swift */ = {isa = PBXFileReference; lastKnownFileType = sourcecode.swift; path = SearchVC.swift; sourceTree = "<group>"; };
		1D0BA7FC23D8943300E0436B /* LiveVC.swift */ = {isa = PBXFileReference; lastKnownFileType = sourcecode.swift; path = LiveVC.swift; sourceTree = "<group>"; };
		1D0BA7FE23D8946200E0436B /* NotificationVC.swift */ = {isa = PBXFileReference; lastKnownFileType = sourcecode.swift; path = NotificationVC.swift; sourceTree = "<group>"; };
		1D0BA80023D8947F00E0436B /* ProfileVC.swift */ = {isa = PBXFileReference; lastKnownFileType = sourcecode.swift; path = ProfileVC.swift; sourceTree = "<group>"; };
		1D0BA80323D89CD100E0436B /* MemeCell.swift */ = {isa = PBXFileReference; lastKnownFileType = sourcecode.swift; path = MemeCell.swift; sourceTree = "<group>"; };
		1D0BA80623D89F0500E0436B /* Meme.swift */ = {isa = PBXFileReference; lastKnownFileType = sourcecode.swift; path = Meme.swift; sourceTree = "<group>"; };
		1D0BA80923D8A0B700E0436B /* UIImageView+Extensions.swift */ = {isa = PBXFileReference; lastKnownFileType = sourcecode.swift; path = "UIImageView+Extensions.swift"; sourceTree = "<group>"; };
		1D0BA81023D8B7CC00E0436B /* CustomLayoutDelegate.swift */ = {isa = PBXFileReference; lastKnownFileType = sourcecode.swift; path = CustomLayoutDelegate.swift; sourceTree = "<group>"; };
/* End PBXFileReference section */

/* Begin PBXFrameworksBuildPhase section */
		1D0BA7DC23D890F300E0436B /* Frameworks */ = {
			isa = PBXFrameworksBuildPhase;
			buildActionMask = 2147483647;
			files = (
			);
			runOnlyForDeploymentPostprocessing = 0;
		};
/* End PBXFrameworksBuildPhase section */

/* Begin PBXGroup section */
		1D0BA7D623D890F300E0436B = {
			isa = PBXGroup;
			children = (
				1D0BA7E123D890F300E0436B /* Memeful */,
				1D0BA7E023D890F300E0436B /* Products */,
			);
			sourceTree = "<group>";
		};
		1D0BA7E023D890F300E0436B /* Products */ = {
			isa = PBXGroup;
			children = (
				1D0BA7DF23D890F300E0436B /* Memeful.app */,
			);
			name = Products;
			sourceTree = "<group>";
		};
		1D0BA7E123D890F300E0436B /* Memeful */ = {
			isa = PBXGroup;
			children = (
				1D0BA80D23D8A90600E0436B /* Healper */,
				1D0BA80823D8A08700E0436B /* Extensions */,
				1D0BA80523D89EEA00E0436B /* Model */,
				1D0BA80223D89CB600E0436B /* Cells */,
				1D0BA7E223D890F400E0436B /* AppDelegate.swift */,
				1D0BA7E423D890F400E0436B /* SceneDelegate.swift */,
				1D0BA7EA23D890F400E0436B /* Main.storyboard */,
				1D0BA7ED23D890F800E0436B /* Assets.xcassets */,
				1D0BA7EF23D890F800E0436B /* LaunchScreen.storyboard */,
				1D0BA7F223D890F800E0436B /* Info.plist */,
				1D0BA7F823D893E700E0436B /* HomeVC.swift */,
				1D0BA7FA23D8941300E0436B /* SearchVC.swift */,
				1D0BA7FC23D8943300E0436B /* LiveVC.swift */,
				1D0BA7FE23D8946200E0436B /* NotificationVC.swift */,
				1D0BA80023D8947F00E0436B /* ProfileVC.swift */,
			);
			path = Memeful;
			sourceTree = "<group>";
		};
		1D0BA80223D89CB600E0436B /* Cells */ = {
			isa = PBXGroup;
			children = (
				1D0BA80323D89CD100E0436B /* MemeCell.swift */,
			);
			path = Cells;
			sourceTree = "<group>";
		};
		1D0BA80523D89EEA00E0436B /* Model */ = {
			isa = PBXGroup;
			children = (
				1D0BA80623D89F0500E0436B /* Meme.swift */,
			);
			path = Model;
			sourceTree = "<group>";
		};
		1D0BA80823D8A08700E0436B /* Extensions */ = {
			isa = PBXGroup;
			children = (
				1D0BA80923D8A0B700E0436B /* UIImageView+Extensions.swift */,
			);
			path = Extensions;
			sourceTree = "<group>";
		};
		1D0BA80D23D8A90600E0436B /* Healper */ = {
			isa = PBXGroup;
			children = (
				1D0BA81023D8B7CC00E0436B /* CustomLayoutDelegate.swift */,
			);
			path = Healper;
			sourceTree = "<group>";
		};
/* End PBXGroup section */

/* Begin PBXNativeTarget section */
		1D0BA7DE23D890F300E0436B /* Memeful */ = {
			isa = PBXNativeTarget;
			buildConfigurationList = 1D0BA7F523D890F800E0436B /* Build configuration list for PBXNativeTarget "Memeful" */;
			buildPhases = (
				1D0BA7DB23D890F300E0436B /* Sources */,
				1D0BA7DC23D890F300E0436B /* Frameworks */,
				1D0BA7DD23D890F300E0436B /* Resources */,
			);
			buildRules = (
			);
			dependencies = (
			);
			name = Memeful;
			productName = Memeful;
			productReference = 1D0BA7DF23D890F300E0436B /* Memeful.app */;
			productType = "com.apple.product-type.application";
		};
/* End PBXNativeTarget section */

/* Begin PBXProject section */
		1D0BA7D723D890F300E0436B /* Project object */ = {
			isa = PBXProject;
			attributes = {
				LastSwiftUpdateCheck = 1120;
				LastUpgradeCheck = 1120;
				ORGANIZATIONNAME = Ravichandra;
				TargetAttributes = {
					1D0BA7DE23D890F300E0436B = {
						CreatedOnToolsVersion = 11.2.1;
					};
				};
			};
			buildConfigurationList = 1D0BA7DA23D890F300E0436B /* Build configuration list for PBXProject "Memeful" */;
			compatibilityVersion = "Xcode 9.3";
			developmentRegion = en;
			hasScannedForEncodings = 0;
			knownRegions = (
				en,
				Base,
			);
			mainGroup = 1D0BA7D623D890F300E0436B;
			productRefGroup = 1D0BA7E023D890F300E0436B /* Products */;
			projectDirPath = "";
			projectRoot = "";
			targets = (
				1D0BA7DE23D890F300E0436B /* Memeful */,
			);
		};
/* End PBXProject section */

/* Begin PBXResourcesBuildPhase section */
		1D0BA7DD23D890F300E0436B /* Resources */ = {
			isa = PBXResourcesBuildPhase;
			buildActionMask = 2147483647;
			files = (
				1D0BA7F123D890F800E0436B /* LaunchScreen.storyboard in Resources */,
				1D0BA7EE23D890F800E0436B /* Assets.xcassets in Resources */,
				1D0BA7EC23D890F400E0436B /* Main.storyboard in Resources */,
			);
			runOnlyForDeploymentPostprocessing = 0;
		};
/* End PBXResourcesBuildPhase section */

/* Begin PBXSourcesBuildPhase section */
		1D0BA7DB23D890F300E0436B /* Sources */ = {
			isa = PBXSourcesBuildPhase;
			buildActionMask = 2147483647;
			files = (
				1D0BA80A23D8A0B700E0436B /* UIImageView+Extensions.swift in Sources */,
				1D0BA7FB23D8941300E0436B /* SearchVC.swift in Sources */,
				1D0BA7F923D893E700E0436B /* HomeVC.swift in Sources */,
				1D0BA80123D8947F00E0436B /* ProfileVC.swift in Sources */,
				1D0BA81123D8B7CC00E0436B /* CustomLayoutDelegate.swift in Sources */,
				1D0BA7FD23D8943300E0436B /* LiveVC.swift in Sources */,
				1D0BA7E323D890F400E0436B /* AppDelegate.swift in Sources */,
				1D0BA80423D89CD100E0436B /* MemeCell.swift in Sources */,
				1D0BA80723D89F0500E0436B /* Meme.swift in Sources */,
				1D0BA7E523D890F400E0436B /* SceneDelegate.swift in Sources */,
				1D0BA7FF23D8946200E0436B /* NotificationVC.swift in Sources */,
			);
			runOnlyForDeploymentPostprocessing = 0;
		};
/* End PBXSourcesBuildPhase section */

/* Begin PBXVariantGroup section */
		1D0BA7EA23D890F400E0436B /* Main.storyboard */ = {
			isa = PBXVariantGroup;
			children = (
				1D0BA7EB23D890F400E0436B /* Base */,
			);
			name = Main.storyboard;
			sourceTree = "<group>";
		};
		1D0BA7EF23D890F800E0436B /* LaunchScreen.storyboard */ = {
			isa = PBXVariantGroup;
			children = (
				1D0BA7F023D890F800E0436B /* Base */,
			);
			name = LaunchScreen.storyboard;
			sourceTree = "<group>";
		};
/* End PBXVariantGroup section */

/* Begin XCBuildConfiguration section */
		1D0BA7F323D890F800E0436B /* Debug */ = {
			isa = XCBuildConfiguration;
			buildSettings = {
				ALWAYS_SEARCH_USER_PATHS = NO;
				CLANG_ANALYZER_NONNULL = YES;
				CLANG_ANALYZER_NUMBER_OBJECT_CONVERSION = YES_AGGRESSIVE;
				CLANG_CXX_LANGUAGE_STANDARD = "gnu++14";
				CLANG_CXX_LIBRARY = "libc++";
				CLANG_ENABLE_MODULES = YES;
				CLANG_ENABLE_OBJC_ARC = YES;
				CLANG_ENABLE_OBJC_WEAK = YES;
				CLANG_WARN_BLOCK_CAPTURE_AUTORELEASING = YES;
				CLANG_WARN_BOOL_CONVERSION = YES;
				CLANG_WARN_COMMA = YES;
				CLANG_WARN_CONSTANT_CONVERSION = YES;
				CLANG_WARN_DEPRECATED_OBJC_IMPLEMENTATIONS = YES;
				CLANG_WARN_DIRECT_OBJC_ISA_USAGE = YES_ERROR;
				CLANG_WARN_DOCUMENTATION_COMMENTS = YES;
				CLANG_WARN_EMPTY_BODY = YES;
				CLANG_WARN_ENUM_CONVERSION = YES;
				CLANG_WARN_INFINITE_RECURSION = YES;
				CLANG_WARN_INT_CONVERSION = YES;
				CLANG_WARN_NON_LITERAL_NULL_CONVERSION = YES;
				CLANG_WARN_OBJC_IMPLICIT_RETAIN_SELF = YES;
				CLANG_WARN_OBJC_LITERAL_CONVERSION = YES;
				CLANG_WARN_OBJC_ROOT_CLASS = YES_ERROR;
				CLANG_WARN_RANGE_LOOP_ANALYSIS = YES;
				CLANG_WARN_STRICT_PROTOTYPES = YES;
				CLANG_WARN_SUSPICIOUS_MOVE = YES;
				CLANG_WARN_UNGUARDED_AVAILABILITY = YES_AGGRESSIVE;
				CLANG_WARN_UNREACHABLE_CODE = YES;
				CLANG_WARN__DUPLICATE_METHOD_MATCH = YES;
				COPY_PHASE_STRIP = NO;
				DEBUG_INFORMATION_FORMAT = dwarf;
				ENABLE_STRICT_OBJC_MSGSEND = YES;
				ENABLE_TESTABILITY = YES;
				GCC_C_LANGUAGE_STANDARD = gnu11;
				GCC_DYNAMIC_NO_PIC = NO;
				GCC_NO_COMMON_BLOCKS = YES;
				GCC_OPTIMIZATION_LEVEL = 0;
				GCC_PREPROCESSOR_DEFINITIONS = (
					"DEBUG=1",
					"$(inherited)",
				);
				GCC_WARN_64_TO_32_BIT_CONVERSION = YES;
				GCC_WARN_ABOUT_RETURN_TYPE = YES_ERROR;
				GCC_WARN_UNDECLARED_SELECTOR = YES;
				GCC_WARN_UNINITIALIZED_AUTOS = YES_AGGRESSIVE;
				GCC_WARN_UNUSED_FUNCTION = YES;
				GCC_WARN_UNUSED_VARIABLE = YES;
				IPHONEOS_DEPLOYMENT_TARGET = 13.2;
				MTL_ENABLE_DEBUG_INFO = INCLUDE_SOURCE;
				MTL_FAST_MATH = YES;
				ONLY_ACTIVE_ARCH = YES;
				SDKROOT = iphoneos;
				SWIFT_ACTIVE_COMPILATION_CONDITIONS = DEBUG;
				SWIFT_OPTIMIZATION_LEVEL = "-Onone";
			};
			name = Debug;
		};
		1D0BA7F423D890F800E0436B /* Release */ = {
			isa = XCBuildConfiguration;
			buildSettings = {
				ALWAYS_SEARCH_USER_PATHS = NO;
				CLANG_ANALYZER_NONNULL = YES;
				CLANG_ANALYZER_NUMBER_OBJECT_CONVERSION = YES_AGGRESSIVE;
				CLANG_CXX_LANGUAGE_STANDARD = "gnu++14";
				CLANG_CXX_LIBRARY = "libc++";
				CLANG_ENABLE_MODULES = YES;
				CLANG_ENABLE_OBJC_ARC = YES;
				CLANG_ENABLE_OBJC_WEAK = YES;
				CLANG_WARN_BLOCK_CAPTURE_AUTORELEASING = YES;
				CLANG_WARN_BOOL_CONVERSION = YES;
				CLANG_WARN_COMMA = YES;
				CLANG_WARN_CONSTANT_CONVERSION = YES;
				CLANG_WARN_DEPRECATED_OBJC_IMPLEMENTATIONS = YES;
				CLANG_WARN_DIRECT_OBJC_ISA_USAGE = YES_ERROR;
				CLANG_WARN_DOCUMENTATION_COMMENTS = YES;
				CLANG_WARN_EMPTY_BODY = YES;
				CLANG_WARN_ENUM_CONVERSION = YES;
				CLANG_WARN_INFINITE_RECURSION = YES;
				CLANG_WARN_INT_CONVERSION = YES;
				CLANG_WARN_NON_LITERAL_NULL_CONVERSION = YES;
				CLANG_WARN_OBJC_IMPLICIT_RETAIN_SELF = YES;
				CLANG_WARN_OBJC_LITERAL_CONVERSION = YES;
				CLANG_WARN_OBJC_ROOT_CLASS = YES_ERROR;
				CLANG_WARN_RANGE_LOOP_ANALYSIS = YES;
				CLANG_WARN_STRICT_PROTOTYPES = YES;
				CLANG_WARN_SUSPICIOUS_MOVE = YES;
				CLANG_WARN_UNGUARDED_AVAILABILITY = YES_AGGRESSIVE;
				CLANG_WARN_UNREACHABLE_CODE = YES;
				CLANG_WARN__DUPLICATE_METHOD_MATCH = YES;
				COPY_PHASE_STRIP = NO;
				DEBUG_INFORMATION_FORMAT = "dwarf-with-dsym";
				ENABLE_NS_ASSERTIONS = NO;
				ENABLE_STRICT_OBJC_MSGSEND = YES;
				GCC_C_LANGUAGE_STANDARD = gnu11;
				GCC_NO_COMMON_BLOCKS = YES;
				GCC_WARN_64_TO_32_BIT_CONVERSION = YES;
				GCC_WARN_ABOUT_RETURN_TYPE = YES_ERROR;
				GCC_WARN_UNDECLARED_SELECTOR = YES;
				GCC_WARN_UNINITIALIZED_AUTOS = YES_AGGRESSIVE;
				GCC_WARN_UNUSED_FUNCTION = YES;
				GCC_WARN_UNUSED_VARIABLE = YES;
				IPHONEOS_DEPLOYMENT_TARGET = 13.2;
				MTL_ENABLE_DEBUG_INFO = NO;
				MTL_FAST_MATH = YES;
				SDKROOT = iphoneos;
				SWIFT_COMPILATION_MODE = wholemodule;
				SWIFT_OPTIMIZATION_LEVEL = "-O";
				VALIDATE_PRODUCT = YES;
			};
			name = Release;
		};
		1D0BA7F623D890F800E0436B /* Debug */ = {
			isa = XCBuildConfiguration;
			buildSettings = {
				ASSETCATALOG_COMPILER_APPICON_NAME = AppIcon;
				CODE_SIGN_STYLE = Automatic;
				DEVELOPMENT_TEAM = W8GKP76HK8;
				INFOPLIST_FILE = Memeful/Info.plist;
				LD_RUNPATH_SEARCH_PATHS = (
					"$(inherited)",
					"@executable_path/Frameworks",
				);
				PRODUCT_BUNDLE_IDENTIFIER = com.ravi.Memeful;
				PRODUCT_NAME = "$(TARGET_NAME)";
				SWIFT_VERSION = 5.0;
				TARGETED_DEVICE_FAMILY = 1;
			};
			name = Debug;
		};
		1D0BA7F723D890F800E0436B /* Release */ = {
			isa = XCBuildConfiguration;
			buildSettings = {
				ASSETCATALOG_COMPILER_APPICON_NAME = AppIcon;
				CODE_SIGN_STYLE = Automatic;
				DEVELOPMENT_TEAM = W8GKP76HK8;
				INFOPLIST_FILE = Memeful/Info.plist;
				LD_RUNPATH_SEARCH_PATHS = (
					"$(inherited)",
					"@executable_path/Frameworks",
				);
				PRODUCT_BUNDLE_IDENTIFIER = com.ravi.Memeful;
				PRODUCT_NAME = "$(TARGET_NAME)";
				SWIFT_VERSION = 5.0;
				TARGETED_DEVICE_FAMILY = 1;
			};
			name = Release;
		};
/* End XCBuildConfiguration section */

/* Begin XCConfigurationList section */
		1D0BA7DA23D890F300E0436B /* Build configuration list for PBXProject "Memeful" */ = {
			isa = XCConfigurationList;
			buildConfigurations = (
				1D0BA7F323D890F800E0436B /* Debug */,
				1D0BA7F423D890F800E0436B /* Release */,
			);
			defaultConfigurationIsVisible = 0;
			defaultConfigurationName = Release;
		};
		1D0BA7F523D890F800E0436B /* Build configuration list for PBXNativeTarget "Memeful" */ = {
			isa = XCConfigurationList;
			buildConfigurations = (
				1D0BA7F623D890F800E0436B /* Debug */,
				1D0BA7F723D890F800E0436B /* Release */,
			);
			defaultConfigurationIsVisible = 0;
			defaultConfigurationName = Release;
		};
/* End XCConfigurationList section */
	};
	rootObject = 1D0BA7D723D890F300E0436B /* Project object */;
}
